PODS:
  - AFNetworking (3.1.0):
    - AFNetworking/NSURLSession (= 3.1.0)
    - AFNetworking/Reachability (= 3.1.0)
    - AFNetworking/Security (= 3.1.0)
    - AFNetworking/Serialization (= 3.1.0)
    - AFNetworking/UIKit (= 3.1.0)
  - AFNetworking/NSURLSession (3.1.0):
    - AFNetworking/Reachability
    - AFNetworking/Security
    - AFNetworking/Serialization
  - AFNetworking/Reachability (3.1.0)
  - AFNetworking/Security (3.1.0)
  - AFNetworking/Serialization (3.1.0)
  - AFNetworking/UIKit (3.1.0):
    - AFNetworking/NSURLSession
  - IQKeyboardManager (3.3.7)
  - LBXScan (1.1.1):
    - ZXingObjC (~> 3.0)
  - LXMButtonImagePosition (1.1.1)
  - MJRefresh (3.1.0)
  - SDWebImage (3.7.5):
    - SDWebImage/Core (= 3.7.5)
  - SDWebImage/Core (3.7.5)
  - UMengSocialCOM (5.2.1)
  - ZXingObjC (3.1.0):
    - ZXingObjC/All (= 3.1.0)
  - ZXingObjC/All (3.1.0)

DEPENDENCIES:
  - AFNetworking (~> 3.1.0)
  - IQKeyboardManager
  - LBXScan (~> 1.1.1)
  - LXMButtonImagePosition (~> 1.1.1)
  - MJRefresh
  - SDWebImage (~> 3.7)
  - UMengSocialCOM (~> 5.2.1)

SPEC CHECKSUMS:
  AFNetworking: 5e0e199f73d8626b11e79750991f5d173d1f8b67
  IQKeyboardManager: 249c3946acf61345c18b038eb50863fe2793e3a8
  LBXScan: dfb4d8ae8e4cff2aa0c9e1771e43954dce1469a9
  LXMButtonImagePosition: bbbe4fceb2f6011cf02add36750acbeddd161c3e
  MJRefresh: 743e6404967d1c2c688472ea3ecfde247d872db4
  SDWebImage: 69c6303e3348fba97e03f65d65d4fbc26740f461
  UMengSocialCOM: 074c135ce349aa4c8848d3fb8458757bcb6ffb67
  ZXingObjC: bf15b3814f7a105b6d99f47da2333c93a063650a

PODFILE CHECKSUM: 0bcca1805536bffa93b87f449990e0f876f44d5e

COCOAPODS: 1.0.1
